
Microsoft Visual Studio Solution File, Format Version 12.00
# Visual Studio Version 17
VisualStudioVersion = 17.0.32126.317
MinimumVisualStudioVersion = 10.0.40219.1
Project("{FAE04EC0-301F-11D3-BF4B-00C04F79EFBC}") = "Paint_Graficacion", "Paint_Graficacion\Paint_Graficacion.csproj", "{A46B8926-F10E-4E40-ADBE-F2228AAAC528}"
EndProject
Global
	GlobalSection(SolutionConfigurationPlatforms) = preSolution
		Debug|Any CPU = Debug|Any CPU
		Release|Any CPU = Release|Any CPU
	EndGlobalSection
	GlobalSection(ProjectConfigurationPlatforms) = postSolution
		{A46B8926-F10E-4E40-ADBE-F2228AAAC528}.Debug|Any CPU.ActiveCfg = Debug|Any CPU
		{A46B8926-F10E-4E40-ADBE-F2228AAAC528}.Debug|Any CPU.Build.0 = Debug|Any CPU
		{A46B8926-F10E-4E40-ADBE-F2228AAAC528}.Release|Any CPU.ActiveCfg = Release|Any CPU
		{A46B8926-F10E-4E40-ADBE-F2228AAAC528}.Release|Any CPU.Build.0 = Release|Any CPU
	EndGlobalSection
	GlobalSection(SolutionProperties) = preSolution
		HideSolutionNode = FALSE
	EndGlobalSection
	GlobalSection(ExtensibilityGlobals) = postSolution
		SolutionGuid = {5D670A1C-6898-476A-8966-4C2DED48D7B1}
	EndGlobalSection
EndGlobal
